
Microsoft Visual Studio Solution File, Format Version 12.00
# Visual Studio Version 17
VisualStudioVersion = 17.0.31903.59
MinimumVisualStudioVersion = 10.0.40219.1
Project("{2150E333-8FDC-42A3-9474-1A3956D46DE8}") = "src", "src", "{BA5A207A-9C60-44BC-9B95-AAAEAD17EB2C}"
EndProject
Project("{FAE04EC0-301F-11D3-BF4B-00C04F79EFBC}") = "MilX.RawData", "src\MilX.RawData\MilX.RawData.csproj", "{134A1904-AF18-4CEE-AA2F-17AA5F04CA65}"
EndProject
Project("{2150E333-8FDC-42A3-9474-1A3956D46DE8}") = "tests", "tests", "{4C8D893A-18F8-4045-ADAD-FD34515CBDB5}"
EndProject
Project("{FAE04EC0-301F-11D3-BF4B-00C04F79EFBC}") = "MilX.RawData.Tests", "tests\MilX.RawData.Tests\MilX.RawData.Tests.csproj", "{140B1DFB-69E6-4235-8F28-D21F696434EC}"
EndProject
Project("{2150E333-8FDC-42A3-9474-1A3956D46DE8}") = "tools", "tools", "{1EE369EF-003D-4BEB-89E6-150135235816}"
EndProject
Project("{FAE04EC0-301F-11D3-BF4B-00C04F79EFBC}") = "RawDump", "tools\RawDump\RawDump.csproj", "{263C0682-78FC-47B8-97A2-DC1DA91EDDDB}"
EndProject
Project("{FAE04EC0-301F-11D3-BF4B-00C04F79EFBC}") = "MilX.Pipeline", "src\MilX.Pipeline\MilX.Pipeline.csproj", "{574311EF-0E20-4FBC-B4D1-725FFCF38820}"
EndProject
Project("{FAE04EC0-301F-11D3-BF4B-00C04F79EFBC}") = "MilX.Desktop", "src\MilX.Desktop\MilX.Desktop.csproj", "{BCACD935-CF02-4FA0-BC14-0A8434D92B3A}"
EndProject
Project("{FAE04EC0-301F-11D3-BF4B-00C04F79EFBC}") = "MilX.Pipeline.Tests", "tests\MilX.Pipeline.Tests\MilX.Pipeline.Tests.csproj", "{C872D6A7-31BF-4640-BB72-EA2F7DB5FE7B}"
EndProject
Project("{FAE04EC0-301F-11D3-BF4B-00C04F79EFBC}") = "MilX.Plugins.SciexWiff", "src\MilX.Plugins.SciexWiff\MilX.Plugins.SciexWiff.csproj", "{485E6688-7E3C-4915-AE80-186277D1D292}"
EndProject
Project("{FAE04EC0-301F-11D3-BF4B-00C04F79EFBC}") = "MilX.Plugins.SciexWiff.Tests", "tests\MilX.Plugins.SciexWiff.Tests\MilX.Plugins.SciexWiff.Tests.csproj", "{865C37B8-F499-4EEC-A249-98341CB3B19A}"
EndProject
Project("{FAE04EC0-301F-11D3-BF4B-00C04F79EFBC}") = "MilX.Interop.OpenQuant", "src\MilX.Interop.OpenQuant\MilX.Interop.OpenQuant.csproj", "{8F38EAFB-DB6E-47D0-9874-896D1364FC8B}"
EndProject
Project("{FAE04EC0-301F-11D3-BF4B-00C04F79EFBC}") = "MilX.Interop.OpenQuant.Tests", "tests\MilX.Interop.OpenQuant.Tests\MilX.Interop.OpenQuant.Tests.csproj", "{AD41ED53-2DA9-469B-97FF-D9A3CAB0195B}"
EndProject
Project("{FAE04EC0-301F-11D3-BF4B-00C04F79EFBC}") = "MilX.Desktop.Tests", "tests\MilX.Desktop.Tests\MilX.Desktop.Tests.csproj", "{C726BC07-893F-4CA0-9226-6928EF69DA07}"
EndProject
Global
	GlobalSection(SolutionConfigurationPlatforms) = preSolution
		Debug|Any CPU = Debug|Any CPU
		Release|Any CPU = Release|Any CPU
	EndGlobalSection
	GlobalSection(SolutionProperties) = preSolution
		HideSolutionNode = FALSE
	EndGlobalSection
	GlobalSection(ProjectConfigurationPlatforms) = postSolution
		{134A1904-AF18-4CEE-AA2F-17AA5F04CA65}.Debug|Any CPU.ActiveCfg = Debug|Any CPU
		{134A1904-AF18-4CEE-AA2F-17AA5F04CA65}.Debug|Any CPU.Build.0 = Debug|Any CPU
		{134A1904-AF18-4CEE-AA2F-17AA5F04CA65}.Release|Any CPU.ActiveCfg = Release|Any CPU
		{134A1904-AF18-4CEE-AA2F-17AA5F04CA65}.Release|Any CPU.Build.0 = Release|Any CPU
		{140B1DFB-69E6-4235-8F28-D21F696434EC}.Debug|Any CPU.ActiveCfg = Debug|Any CPU
		{140B1DFB-69E6-4235-8F28-D21F696434EC}.Debug|Any CPU.Build.0 = Debug|Any CPU
		{140B1DFB-69E6-4235-8F28-D21F696434EC}.Release|Any CPU.ActiveCfg = Release|Any CPU
		{140B1DFB-69E6-4235-8F28-D21F696434EC}.Release|Any CPU.Build.0 = Release|Any CPU
		{263C0682-78FC-47B8-97A2-DC1DA91EDDDB}.Debug|Any CPU.ActiveCfg = Debug|Any CPU
		{263C0682-78FC-47B8-97A2-DC1DA91EDDDB}.Debug|Any CPU.Build.0 = Debug|Any CPU
		{263C0682-78FC-47B8-97A2-DC1DA91EDDDB}.Release|Any CPU.ActiveCfg = Release|Any CPU
		{263C0682-78FC-47B8-97A2-DC1DA91EDDDB}.Release|Any CPU.Build.0 = Release|Any CPU
		{574311EF-0E20-4FBC-B4D1-725FFCF38820}.Debug|Any CPU.ActiveCfg = Debug|Any CPU
		{574311EF-0E20-4FBC-B4D1-725FFCF38820}.Debug|Any CPU.Build.0 = Debug|Any CPU
		{574311EF-0E20-4FBC-B4D1-725FFCF38820}.Release|Any CPU.ActiveCfg = Release|Any CPU
		{574311EF-0E20-4FBC-B4D1-725FFCF38820}.Release|Any CPU.Build.0 = Release|Any CPU
		{BCACD935-CF02-4FA0-BC14-0A8434D92B3A}.Debug|Any CPU.ActiveCfg = Debug|Any CPU
		{BCACD935-CF02-4FA0-BC14-0A8434D92B3A}.Debug|Any CPU.Build.0 = Debug|Any CPU
		{BCACD935-CF02-4FA0-BC14-0A8434D92B3A}.Release|Any CPU.ActiveCfg = Release|Any CPU
		{BCACD935-CF02-4FA0-BC14-0A8434D92B3A}.Release|Any CPU.Build.0 = Release|Any CPU
		{C872D6A7-31BF-4640-BB72-EA2F7DB5FE7B}.Debug|Any CPU.ActiveCfg = Debug|Any CPU
		{C872D6A7-31BF-4640-BB72-EA2F7DB5FE7B}.Debug|Any CPU.Build.0 = Debug|Any CPU
		{C872D6A7-31BF-4640-BB72-EA2F7DB5FE7B}.Release|Any CPU.ActiveCfg = Release|Any CPU
		{C872D6A7-31BF-4640-BB72-EA2F7DB5FE7B}.Release|Any CPU.Build.0 = Release|Any CPU
		{485E6688-7E3C-4915-AE80-186277D1D292}.Debug|Any CPU.ActiveCfg = Debug|Any CPU
		{485E6688-7E3C-4915-AE80-186277D1D292}.Debug|Any CPU.Build.0 = Debug|Any CPU
		{485E6688-7E3C-4915-AE80-186277D1D292}.Release|Any CPU.ActiveCfg = Release|Any CPU
		{485E6688-7E3C-4915-AE80-186277D1D292}.Release|Any CPU.Build.0 = Release|Any CPU
		{865C37B8-F499-4EEC-A249-98341CB3B19A}.Debug|Any CPU.ActiveCfg = Debug|Any CPU
		{865C37B8-F499-4EEC-A249-98341CB3B19A}.Debug|Any CPU.Build.0 = Debug|Any CPU
		{865C37B8-F499-4EEC-A249-98341CB3B19A}.Release|Any CPU.ActiveCfg = Release|Any CPU
		{865C37B8-F499-4EEC-A249-98341CB3B19A}.Release|Any CPU.Build.0 = Release|Any CPU
		{8F38EAFB-DB6E-47D0-9874-896D1364FC8B}.Debug|Any CPU.ActiveCfg = Debug|Any CPU
		{8F38EAFB-DB6E-47D0-9874-896D1364FC8B}.Debug|Any CPU.Build.0 = Debug|Any CPU
		{8F38EAFB-DB6E-47D0-9874-896D1364FC8B}.Release|Any CPU.ActiveCfg = Release|Any CPU
		{8F38EAFB-DB6E-47D0-9874-896D1364FC8B}.Release|Any CPU.Build.0 = Release|Any CPU
		{AD41ED53-2DA9-469B-97FF-D9A3CAB0195B}.Debug|Any CPU.ActiveCfg = Debug|Any CPU
		{AD41ED53-2DA9-469B-97FF-D9A3CAB0195B}.Debug|Any CPU.Build.0 = Debug|Any CPU
		{AD41ED53-2DA9-469B-97FF-D9A3CAB0195B}.Release|Any CPU.ActiveCfg = Release|Any CPU
		{AD41ED53-2DA9-469B-97FF-D9A3CAB0195B}.Release|Any CPU.Build.0 = Release|Any CPU
		{C726BC07-893F-4CA0-9226-6928EF69DA07}.Debug|Any CPU.ActiveCfg = Debug|Any CPU
		{C726BC07-893F-4CA0-9226-6928EF69DA07}.Debug|Any CPU.Build.0 = Debug|Any CPU
		{C726BC07-893F-4CA0-9226-6928EF69DA07}.Release|Any CPU.ActiveCfg = Release|Any CPU
		{C726BC07-893F-4CA0-9226-6928EF69DA07}.Release|Any CPU.Build.0 = Release|Any CPU
	EndGlobalSection
	GlobalSection(NestedProjects) = preSolution
		{134A1904-AF18-4CEE-AA2F-17AA5F04CA65} = {BA5A207A-9C60-44BC-9B95-AAAEAD17EB2C}
		{140B1DFB-69E6-4235-8F28-D21F696434EC} = {4C8D893A-18F8-4045-ADAD-FD34515CBDB5}
		{263C0682-78FC-47B8-97A2-DC1DA91EDDDB} = {1EE369EF-003D-4BEB-89E6-150135235816}
		{574311EF-0E20-4FBC-B4D1-725FFCF38820} = {BA5A207A-9C60-44BC-9B95-AAAEAD17EB2C}
		{BCACD935-CF02-4FA0-BC14-0A8434D92B3A} = {BA5A207A-9C60-44BC-9B95-AAAEAD17EB2C}
		{C872D6A7-31BF-4640-BB72-EA2F7DB5FE7B} = {4C8D893A-18F8-4045-ADAD-FD34515CBDB5}
		{485E6688-7E3C-4915-AE80-186277D1D292} = {BA5A207A-9C60-44BC-9B95-AAAEAD17EB2C}
		{865C37B8-F499-4EEC-A249-98341CB3B19A} = {4C8D893A-18F8-4045-ADAD-FD34515CBDB5}
		{8F38EAFB-DB6E-47D0-9874-896D1364FC8B} = {BA5A207A-9C60-44BC-9B95-AAAEAD17EB2C}
		{AD41ED53-2DA9-469B-97FF-D9A3CAB0195B} = {4C8D893A-18F8-4045-ADAD-FD34515CBDB5}
		{C726BC07-893F-4CA0-9226-6928EF69DA07} = {4C8D893A-18F8-4045-ADAD-FD34515CBDB5}
	EndGlobalSection
EndGlobal
